
Microsoft Visual Studio Solution File, Format Version 12.00
# Visual Studio Version 16
VisualStudioVersion = 16.0.29209.62
MinimumVisualStudioVersion = 10.0.40219.1
Project("{9A19103F-16F7-4668-BE54-9A1E7A4F7556}") = "Project_08", "Project_08.csproj", "{A95F4699-270E-4F8E-B280-A7FD17AB7448}"
EndProject
Global
	GlobalSection(SolutionConfigurationPlatforms) = preSolution
		Debug|Any CPU = Debug|Any CPU
		Release|Any CPU = Release|Any CPU
	EndGlobalSection
	GlobalSection(ProjectConfigurationPlatforms) = postSolution
		{A95F4699-270E-4F8E-B280-A7FD17AB7448}.Debug|Any CPU.ActiveCfg = Debug|Any CPU
		{A95F4699-270E-4F8E-B280-A7FD17AB7448}.Debug|Any CPU.Build.0 = Debug|Any CPU
		{A95F4699-270E-4F8E-B280-A7FD17AB7448}.Release|Any CPU.ActiveCfg = Release|Any CPU
		{A95F4699-270E-4F8E-B280-A7FD17AB7448}.Release|Any CPU.Build.0 = Release|Any CPU
	EndGlobalSection
	GlobalSection(SolutionProperties) = preSolution
		HideSolutionNode = FALSE
	EndGlobalSection
	GlobalSection(ExtensibilityGlobals) = postSolution
		SolutionGuid = {60CE42BD-9C43-4AA4-985C-CB3D1CEC1B57}
	EndGlobalSection
EndGlobal
